
Microsoft Visual Studio Solution File, Format Version 12.00
# Visual Studio Version 17
VisualStudioVersion = 17.14.36518.9 d17.14
MinimumVisualStudioVersion = 10.0.40219.1
Project("{FAE04EC0-301F-11D3-BF4B-00C04F79EFBC}") = "pryAccesos", "pryAccesos\pryAccesos.csproj", "{BDF487D5-F41A-40E3-8493-AEC237E62D4D}"
EndProject
Global
	GlobalSection(SolutionConfigurationPlatforms) = preSolution
		Debug|Any CPU = Debug|Any CPU
		Release|Any CPU = Release|Any CPU
	EndGlobalSection
	GlobalSection(ProjectConfigurationPlatforms) = postSolution
		{BDF487D5-F41A-40E3-8493-AEC237E62D4D}.Debug|Any CPU.ActiveCfg = Debug|Any CPU
		{BDF487D5-F41A-40E3-8493-AEC237E62D4D}.Debug|Any CPU.Build.0 = Debug|Any CPU
		{BDF487D5-F41A-40E3-8493-AEC237E62D4D}.Release|Any CPU.ActiveCfg = Release|Any CPU
		{BDF487D5-F41A-40E3-8493-AEC237E62D4D}.Release|Any CPU.Build.0 = Release|Any CPU
	EndGlobalSection
	GlobalSection(SolutionProperties) = preSolution
		HideSolutionNode = FALSE
	EndGlobalSection
	GlobalSection(ExtensibilityGlobals) = postSolution
		SolutionGuid = {B2674193-D435-4A07-9756-C3414ABE2E04}
	EndGlobalSection
EndGlobal
