
Microsoft Visual Studio Solution File, Format Version 12.00
# Visual Studio Version 17
VisualStudioVersion = 17.12.35707.178 d17.12
MinimumVisualStudioVersion = 10.0.40219.1
Project("{FAE04EC0-301F-11D3-BF4B-00C04F79EFBC}") = "pryCertamen", "pryCertamen\pryCertamen.csproj", "{C5A97F83-51A4-4AF2-ABA0-F915A51DA55D}"
EndProject
Global
	GlobalSection(SolutionConfigurationPlatforms) = preSolution
		Debug|Any CPU = Debug|Any CPU
		Release|Any CPU = Release|Any CPU
	EndGlobalSection
	GlobalSection(ProjectConfigurationPlatforms) = postSolution
		{C5A97F83-51A4-4AF2-ABA0-F915A51DA55D}.Debug|Any CPU.ActiveCfg = Debug|Any CPU
		{C5A97F83-51A4-4AF2-ABA0-F915A51DA55D}.Debug|Any CPU.Build.0 = Debug|Any CPU
		{C5A97F83-51A4-4AF2-ABA0-F915A51DA55D}.Release|Any CPU.ActiveCfg = Release|Any CPU
		{C5A97F83-51A4-4AF2-ABA0-F915A51DA55D}.Release|Any CPU.Build.0 = Release|Any CPU
	EndGlobalSection
	GlobalSection(SolutionProperties) = preSolution
		HideSolutionNode = FALSE
	EndGlobalSection
EndGlobal
