<Solution>
  <Project Path="pryEjercicio1/pryEjercicio1.csproj" />
  <Project Path="pryEjercicio2/pryEjercicio2.csproj" />
  <Project Path="pryEjercicio3/pryEjercicio3.csproj" />
  <Project Path="pryEjercicio4/pryEjercicio4.csproj" />
  <Project Path="pryEjercicio5/pryEjercicio5.csproj" />
</Solution>
