
Microsoft Visual Studio Solution File, Format Version 12.00
# Visual Studio Version 17
VisualStudioVersion = 17.13.35919.96 d17.13
MinimumVisualStudioVersion = 10.0.40219.1
Project("{FAE04EC0-301F-11D3-BF4B-00C04F79EFBC}") = "CmbAnidado", "CmbAnidado\CmbAnidado.csproj", "{F82616BF-1DFA-436C-9118-E36F21EE0EFC}"
EndProject
Global
	GlobalSection(SolutionConfigurationPlatforms) = preSolution
		Debug|Any CPU = Debug|Any CPU
		Release|Any CPU = Release|Any CPU
	EndGlobalSection
	GlobalSection(ProjectConfigurationPlatforms) = postSolution
		{F82616BF-1DFA-436C-9118-E36F21EE0EFC}.Debug|Any CPU.ActiveCfg = Debug|Any CPU
		{F82616BF-1DFA-436C-9118-E36F21EE0EFC}.Debug|Any CPU.Build.0 = Debug|Any CPU
		{F82616BF-1DFA-436C-9118-E36F21EE0EFC}.Release|Any CPU.ActiveCfg = Release|Any CPU
		{F82616BF-1DFA-436C-9118-E36F21EE0EFC}.Release|Any CPU.Build.0 = Release|Any CPU
	EndGlobalSection
	GlobalSection(SolutionProperties) = preSolution
		HideSolutionNode = FALSE
	EndGlobalSection
	GlobalSection(ExtensibilityGlobals) = postSolution
		SolutionGuid = {3829DA57-46BF-4AC3-AEFD-AAEADAA4612D}
	EndGlobalSection
EndGlobal
