
Microsoft Visual Studio Solution File, Format Version 12.00
# Visual Studio Version 17
VisualStudioVersion = 17.11.35208.52
MinimumVisualStudioVersion = 10.0.40219.1
Project("{FAE04EC0-301F-11D3-BF4B-00C04F79EFBC}") = "pryCertamen2-2025", "pryCertamen2-2025\pryCertamen2-2025.csproj", "{ECCDDF3E-EFA8-48CD-BD55-B02F1DAD853C}"
EndProject
Global
	GlobalSection(SolutionConfigurationPlatforms) = preSolution
		Debug|Any CPU = Debug|Any CPU
		Release|Any CPU = Release|Any CPU
	EndGlobalSection
	GlobalSection(ProjectConfigurationPlatforms) = postSolution
		{ECCDDF3E-EFA8-48CD-BD55-B02F1DAD853C}.Debug|Any CPU.ActiveCfg = Debug|Any CPU
		{ECCDDF3E-EFA8-48CD-BD55-B02F1DAD853C}.Debug|Any CPU.Build.0 = Debug|Any CPU
		{ECCDDF3E-EFA8-48CD-BD55-B02F1DAD853C}.Release|Any CPU.ActiveCfg = Release|Any CPU
		{ECCDDF3E-EFA8-48CD-BD55-B02F1DAD853C}.Release|Any CPU.Build.0 = Release|Any CPU
	EndGlobalSection
	GlobalSection(SolutionProperties) = preSolution
		HideSolutionNode = FALSE
	EndGlobalSection
	GlobalSection(ExtensibilityGlobals) = postSolution
		SolutionGuid = {B71E6B4B-92C4-4E0C-8100-595C88FBF300}
	EndGlobalSection
EndGlobal
