
Microsoft Visual Studio Solution File, Format Version 12.00
# Visual Studio 15
VisualStudioVersion = 15.0.28307.902
MinimumVisualStudioVersion = 10.0.40219.1
Project("{FAE04EC0-301F-11D3-BF4B-00C04F79EFBC}") = "pryLlamadas", "pryLlamadas\pryLlamadas.csproj", "{EAE73A93-5B90-4ADD-B8E5-191466AFEF5D}"
EndProject
Global
	GlobalSection(SolutionConfigurationPlatforms) = preSolution
		Debug|Any CPU = Debug|Any CPU
		Release|Any CPU = Release|Any CPU
	EndGlobalSection
	GlobalSection(ProjectConfigurationPlatforms) = postSolution
		{EAE73A93-5B90-4ADD-B8E5-191466AFEF5D}.Debug|Any CPU.ActiveCfg = Debug|Any CPU
		{EAE73A93-5B90-4ADD-B8E5-191466AFEF5D}.Debug|Any CPU.Build.0 = Debug|Any CPU
		{EAE73A93-5B90-4ADD-B8E5-191466AFEF5D}.Release|Any CPU.ActiveCfg = Release|Any CPU
		{EAE73A93-5B90-4ADD-B8E5-191466AFEF5D}.Release|Any CPU.Build.0 = Release|Any CPU
	EndGlobalSection
	GlobalSection(SolutionProperties) = preSolution
		HideSolutionNode = FALSE
	EndGlobalSection
	GlobalSection(ExtensibilityGlobals) = postSolution
		SolutionGuid = {D4D370AD-AB85-446E-9331-CC83696D2B54}
	EndGlobalSection
EndGlobal
