
Microsoft Visual Studio Solution File, Format Version 12.00
# Visual Studio Version 17
VisualStudioVersion = 17.14.36518.9 d17.14
MinimumVisualStudioVersion = 10.0.40219.1
Project("{FAE04EC0-301F-11D3-BF4B-00C04F79EFBC}") = "pryArchivo", "pryArchivo\pryArchivo.csproj", "{79B339CB-1AFB-4507-AAB7-1742848B0864}"
EndProject
Global
	GlobalSection(SolutionConfigurationPlatforms) = preSolution
		Debug|Any CPU = Debug|Any CPU
		Release|Any CPU = Release|Any CPU
	EndGlobalSection
	GlobalSection(ProjectConfigurationPlatforms) = postSolution
		{79B339CB-1AFB-4507-AAB7-1742848B0864}.Debug|Any CPU.ActiveCfg = Debug|Any CPU
		{79B339CB-1AFB-4507-AAB7-1742848B0864}.Debug|Any CPU.Build.0 = Debug|Any CPU
		{79B339CB-1AFB-4507-AAB7-1742848B0864}.Release|Any CPU.ActiveCfg = Release|Any CPU
		{79B339CB-1AFB-4507-AAB7-1742848B0864}.Release|Any CPU.Build.0 = Release|Any CPU
	EndGlobalSection
	GlobalSection(SolutionProperties) = preSolution
		HideSolutionNode = FALSE
	EndGlobalSection
	GlobalSection(ExtensibilityGlobals) = postSolution
		SolutionGuid = {68C62C81-C0F7-4CA2-8361-9D1837B3017D}
	EndGlobalSection
EndGlobal
