
Microsoft Visual Studio Solution File, Format Version 12.00
# Visual Studio Version 17
VisualStudioVersion = 17.14.36616.10 d17.14
MinimumVisualStudioVersion = 10.0.40219.1
Project("{FAE04EC0-301F-11D3-BF4B-00C04F79EFBC}") = "pryOperaciones", "pryOperaciones\pryOperaciones.csproj", "{1CB292E5-EE47-4C9F-91F9-B46970474725}"
EndProject
Global
	GlobalSection(SolutionConfigurationPlatforms) = preSolution
		Debug|Any CPU = Debug|Any CPU
		Release|Any CPU = Release|Any CPU
	EndGlobalSection
	GlobalSection(ProjectConfigurationPlatforms) = postSolution
		{1CB292E5-EE47-4C9F-91F9-B46970474725}.Debug|Any CPU.ActiveCfg = Debug|Any CPU
		{1CB292E5-EE47-4C9F-91F9-B46970474725}.Debug|Any CPU.Build.0 = Debug|Any CPU
		{1CB292E5-EE47-4C9F-91F9-B46970474725}.Release|Any CPU.ActiveCfg = Release|Any CPU
		{1CB292E5-EE47-4C9F-91F9-B46970474725}.Release|Any CPU.Build.0 = Release|Any CPU
	EndGlobalSection
	GlobalSection(SolutionProperties) = preSolution
		HideSolutionNode = FALSE
	EndGlobalSection
	GlobalSection(ExtensibilityGlobals) = postSolution
		SolutionGuid = {F577A8C5-5733-48C4-8D9F-3476D666AF16}
	EndGlobalSection
EndGlobal
